
Microsoft Visual Studio Solution File, Format Version 12.00
# Visual Studio Version 16
VisualStudioVersion = 16.0.34601.136
MinimumVisualStudioVersion = 10.0.40219.1
Project("{FAE04EC0-301F-11D3-BF4B-00C04F79EFBC}") = "AlterAFS", "AlterAFS.csproj", "{57453DC1-CF7E-49DF-8428-C1DD85871D53}"
EndProject
Global
	GlobalSection(SolutionConfigurationPlatforms) = preSolution
		Debug|Any CPU = Debug|Any CPU
		Release|Any CPU = Release|Any CPU
	EndGlobalSection
	GlobalSection(ProjectConfigurationPlatforms) = postSolution
		{57453DC1-CF7E-49DF-8428-C1DD85871D53}.Debug|Any CPU.ActiveCfg = Debug|Any CPU
		{57453DC1-CF7E-49DF-8428-C1DD85871D53}.Debug|Any CPU.Build.0 = Debug|Any CPU
		{57453DC1-CF7E-49DF-8428-C1DD85871D53}.Release|Any CPU.ActiveCfg = Release|Any CPU
		{57453DC1-CF7E-49DF-8428-C1DD85871D53}.Release|Any CPU.Build.0 = Release|Any CPU
	EndGlobalSection
	GlobalSection(SolutionProperties) = preSolution
		HideSolutionNode = FALSE
	EndGlobalSection
	GlobalSection(ExtensibilityGlobals) = postSolution
		SolutionGuid = {4DFE2730-C2F8-49B3-9A68-7308664DB52B}
	EndGlobalSection
EndGlobal
